
Microsoft Visual Studio Solution File, Format Version 12.00
# Visual Studio Version 17
VisualStudioVersion = 17.7.34221.43
MinimumVisualStudioVersion = 10.0.40219.1
Project("{FAE04EC0-301F-11D3-BF4B-00C04F79EFBC}") = "CSS_Assignment", "CSS_Assignment\CSS_Assignment.csproj", "{6A4E67AF-A74F-4DB2-9213-5A1240DAC88E}"
EndProject
Global
	GlobalSection(SolutionConfigurationPlatforms) = preSolution
		Debug|Any CPU = Debug|Any CPU
		Release|Any CPU = Release|Any CPU
	EndGlobalSection
	GlobalSection(ProjectConfigurationPlatforms) = postSolution
		{6A4E67AF-A74F-4DB2-9213-5A1240DAC88E}.Debug|Any CPU.ActiveCfg = Debug|Any CPU
		{6A4E67AF-A74F-4DB2-9213-5A1240DAC88E}.Debug|Any CPU.Build.0 = Debug|Any CPU
		{6A4E67AF-A74F-4DB2-9213-5A1240DAC88E}.Release|Any CPU.ActiveCfg = Release|Any CPU
		{6A4E67AF-A74F-4DB2-9213-5A1240DAC88E}.Release|Any CPU.Build.0 = Release|Any CPU
	EndGlobalSection
	GlobalSection(SolutionProperties) = preSolution
		HideSolutionNode = FALSE
	EndGlobalSection
	GlobalSection(ExtensibilityGlobals) = postSolution
		SolutionGuid = {16D81DBA-DD64-4F74-ABB0-AF972E1F337A}
	EndGlobalSection
EndGlobal
